{
  "requires": true,
  "lockfileVersion": 1,
  "dependencies": {
    "angular-typing-animation": {
      "version": "0.5.4",
      "resolved": "https://registry.npmjs.org/angular-typing-animation/-/angular-typing-animation-0.5.4.tgz",
      "integrity": "sha512-HY7kdL/RNRcQRBpIVarD1W4SzTTZDZFSfFU/dUdlWwniXya5XTZTCA/jHTVEauQFZp3vdf2ARTWvSS3UJjxN7A=="
    },
    "bootstrap": {
      "version": "5.2.3",
      "resolved": "https://registry.npmjs.org/bootstrap/-/bootstrap-5.2.3.tgz",
      "integrity": "sha512-cEKPM+fwb3cT8NzQZYEu4HilJ3anCrWqh3CHAok1p9jXqMPsPTBhU25fBckEJHJ/p+tTxTFTsFQGM+gaHpi3QQ=="
    },
    "t-writer.js": {
      "version": "1.0.4",
      "resolved": "https://registry.npmjs.org/t-writer.js/-/t-writer.js-1.0.4.tgz",
      "integrity": "sha512-VDmg2L43dYVbdmduaX5Ea+osiXVtgIsVDr/sfuT01Q2Ypvy6AZINyb4JROP1wEBATM5++l74vio0Au1s57XVJg=="
    }
  }
}
